
Microsoft Visual Studio Solution File, Format Version 12.00
# Visual Studio Version 17
VisualStudioVersion = 17.14.36301.6 d17.14
MinimumVisualStudioVersion = 10.0.40219.1
Project("{FAE04EC0-301F-11D3-BF4B-00C04F79EFBC}") = "NGridEditor", "NGridEditor\NGridEditor.csproj", "{66262FA1-2682-4DD0-B6E6-B42E40613471}"
EndProject
Global
	GlobalSection(SolutionConfigurationPlatforms) = preSolution
		Debug|Any CPU = Debug|Any CPU
		Release|Any CPU = Release|Any CPU
	EndGlobalSection
	GlobalSection(ProjectConfigurationPlatforms) = postSolution
		{66262FA1-2682-4DD0-B6E6-B42E40613471}.Debug|Any CPU.ActiveCfg = Debug|Any CPU
		{66262FA1-2682-4DD0-B6E6-B42E40613471}.Debug|Any CPU.Build.0 = Debug|Any CPU
		{66262FA1-2682-4DD0-B6E6-B42E40613471}.Release|Any CPU.ActiveCfg = Release|Any CPU
		{66262FA1-2682-4DD0-B6E6-B42E40613471}.Release|Any CPU.Build.0 = Release|Any CPU
	EndGlobalSection
	GlobalSection(SolutionProperties) = preSolution
		HideSolutionNode = FALSE
	EndGlobalSection
	GlobalSection(ExtensibilityGlobals) = postSolution
		SolutionGuid = {294A63BC-CDAE-4E70-8438-570273D31F67}
	EndGlobalSection
EndGlobal
